
Microsoft Visual Studio Solution File, Format Version 12.00
# Visual Studio Version 17
VisualStudioVersion = 17.9.34607.119
MinimumVisualStudioVersion = 10.0.40219.1
Project("{FAE04EC0-301F-11D3-BF4B-00C04F79EFBC}") = "ejercicio, parejas", "ejercicio, parejas\ejercicio, parejas.csproj", "{7AC42D5E-7798-4B08-99B2-CC41B1F8D1AA}"
EndProject
Global
	GlobalSection(SolutionConfigurationPlatforms) = preSolution
		Debug|Any CPU = Debug|Any CPU
		Release|Any CPU = Release|Any CPU
	EndGlobalSection
	GlobalSection(ProjectConfigurationPlatforms) = postSolution
		{7AC42D5E-7798-4B08-99B2-CC41B1F8D1AA}.Debug|Any CPU.ActiveCfg = Debug|Any CPU
		{7AC42D5E-7798-4B08-99B2-CC41B1F8D1AA}.Debug|Any CPU.Build.0 = Debug|Any CPU
		{7AC42D5E-7798-4B08-99B2-CC41B1F8D1AA}.Release|Any CPU.ActiveCfg = Release|Any CPU
		{7AC42D5E-7798-4B08-99B2-CC41B1F8D1AA}.Release|Any CPU.Build.0 = Release|Any CPU
	EndGlobalSection
	GlobalSection(SolutionProperties) = preSolution
		HideSolutionNode = FALSE
	EndGlobalSection
	GlobalSection(ExtensibilityGlobals) = postSolution
		SolutionGuid = {4CC47E7F-0B1E-423E-8347-A45846DB0810}
	EndGlobalSection
EndGlobal
